github.com/PuerkitoBio/goquery v1.5.1 h1:PSPBGne8NIUWw+/7vFBV+kG2J/5MOjbzc7154OaKCSE=
github.com/PuerkitoBio/goquery v1.5.1/go.mod h1:GsLWisAFVj4WgDibEWF4pvYnkVQBpKBKeU+7zCJoLcc=
github.com/RadhiFadlillah/go-sastrawi v0.0.0-20190802040955-2ab007791a05 h1:mgcnU6ufbCxImF1VLd8wnYGCQMGhMRnwpITiZY6ViwI=
github.com/RadhiFadlillah/go-sastrawi v0.0.0-20190802040955-2ab007791a05/go.mod h1:JGzByJNpPRkgI6NJs3MCqWEvsK50v9qPjfjOC7ygd0s=
github.com/andybalholm/cascadia v1.1.0 h1:BuuO6sSfQNFRu1LppgbD25Hr2vLYW25JvxHs5zzsLTo=
github.com/andybalholm/cascadia v1.1.0/go.mod h1:GsXiBklL0woXo1j/WYWtSYYC4ouU9PqHO0sqidkEA4Y=
github.com/glentiki/hdrhistogram v0.0.0-20200123100844-63857dee97f0 h1:F9IeZvrzQDefSfQke5YMJukSRUmv7a5Kbs8OaC5urtE=
github.com/glentiki/hdrhistogram v0.0.0-20200123100844-63857dee97f0/go.mod h1:W6J50sjktOxq6WrJr8u5+OqN5sjZ5ZvjrySzCW33ZbA=
github.com/google/go-cmp v0.4.0/go.mod h1:v8dTdLbMG2kIc/vJvl+f65V22dbkXbowE6jgT/gNBxE=
github.com/jbrukh/bayesian v0.0.0-20200318221351-d726b684ca4a h1:gbdjhSslIoRRiSSLCP3kKuLmqAJGmhnPVhIyf6Dbw34=
github.com/jbrukh/bayesian v0.0.0-20200318221351-d726b684ca4a/go.mod h1:SELxwZQq/mPnfPCR2mchLmT4TQaPJvYtLcCtDWSM7vM=
github.com/muhfajar/queue v0.1.2 h1:E6VpgLX0dwEcxcFuLFFisajgs7Q6FpfAxCDCgj1T4i4=
github.com/muhfajar/queue v0.1.2/go.mod h1:GmITX85vLL0LiF9bJZ093zJzSJH4fUaemwU5nQibjjY=
github.com/n0madic/twitter-scraper v0.0.0-20200515161722-c216e540cdbb h1:5YdswaUqKhI/aAn3jF0OZvk39/qKGXaq/KiH3wevlXk=
github.com/n0madic/twitter-scraper v0.0.0-20200515161722-c216e540cdbb/go.mod h1:VZADi02o1/HsNTTCPqT8kFK+RGwzVdYVdpatmzJ6Ap4=
golang.org/x/crypto v0.0.0-20190308221718-c2843e01d9a2/go.mod h1:djNgcEr1/C05ACkg1iLfiJU5Ep61QUkGW8qpdssI0+w=
golang.org/x/net v0.0.0-20180218175443-cbe0f9307d01/go.mod h1:mL1N/T3taQHkDXs73rZJwtUhF3w3ftmwwsq0BUmARs4=
golang.org/x/net v0.0.0-20200202094626-16171245cfb2 h1:CCH4IOTTfewWjGOlSp+zGcjutRKlBEZQ6wTn8ozI/nI=
golang.org/x/net v0.0.0-20200202094626-16171245cfb2/go.mod h1:z5CRVTTTmAJ677TzLLGU+0bjPO0LkuOLi4/5GtJWs/s=
golang.org/x/sys v0.0.0-20190215142949-d0b11bdaac8a/go.mod h1:STP8DvDyc/dI5b8T5hshtkjS+E42TnysNCUPdjciGhY=
golang.org/x/text v0.3.0/go.mod h1:NqM8EUOU14njkJ3fqMW+pc6Ldnwhi/IjpwHt7yyuwOQ=
golang.org/x/xerrors v0.0.0-20191204190536-9bdfabe68543/go.mod h1:I/5z698sn9Ka8TeJc9MKroUUfqBBauWjQqLJ2OPfmY0=
